<?xml version="1.0" encoding="utf-8"?>
<Project ToolsVersion="4.0" xmlns="http://schemas.microsoft.com/developer/msbuild/2003">
  <ItemGroup>
    <Filter Include="Resource Files">
      <UniqueIdentifier>{67DA6AB6-F800-4c08-8B7A-83BB121AAD01}</UniqueIdentifier>
      <Extensions>rc;ico;cur;bmp;dlg;rc2;rct;bin;rgs;gif;jpg;jpeg;jpe;resx;tiff;tif;png;wav;mfcribbon-ms</Extensions>
    </Filter>
  </ItemGroup>
  <ItemGroup>
    <ClInclude Include="Headers\main.hpp" />
    <ClInclude Include="Headers\Game\game.hpp" />
    <ClInclude Include="Headers\Game\Player\player.hpp" />
    <ClInclude Include="Headers\Game\World\Creature\creature.hpp" />
    <ClInclude Include="Headers\Game\World\Creature\Skeleton\skeleton.hpp" />
    <ClInclude Include="Headers\Game\World\Object\object.hpp" />
    <ClInclude Include="Headers\Game\World\Object\Tree\tree.hpp" />
    <ClInclude Include="Headers\Game\World\Object\Wall\wall.hpp" />
    <ClInclude Include="Headers\Game\World\Tile\tile.hpp" />
    <ClInclude Include="Headers\Game\World\world.hpp" />
    <ClInclude Include="Headers\Game\World\Tile\desert.hpp" />
    <ClInclude Include="Headers\Game\World\Tile\forest.hpp" />
    <ClInclude Include="Headers\Game\World\Tile\plains.hpp" />
    <ClInclude Include="Headers\Game\World\Tile\asphalt.hpp" />
  </ItemGroup>
  <ItemGroup>
    <ClCompile Include="Source\Game\game.cpp" />
    <ClCompile Include="Source\Game\Player\player.cpp" />
    <ClCompile Include="Source\Game\World\Creature\creature.cpp" />
    <ClCompile Include="Source\Game\World\Creature\Skeleton\skeleton.cpp" />
    <ClCompile Include="Source\Game\World\Object\object.cpp" />
    <ClCompile Include="Source\Game\World\Object\Tree\tree.cpp" />
    <ClCompile Include="Source\Game\World\Object\Wall\wall.cpp" />
    <ClCompile Include="Source\Game\World\world.cpp" />
    <ClCompile Include="Source\main.cpp" />
    <ClCompile Include="Source\Game\World\Tile\tile.cpp" />
    <ClCompile Include="Source\Game\World\Tile\asphalt.cpp" />
    <ClCompile Include="Source\Game\World\Tile\desert.cpp" />
    <ClCompile Include="Source\Game\World\Tile\forest.cpp" />
    <ClCompile Include="Source\Game\World\Tile\plains.cpp" />
  </ItemGroup>
</Project>